
Microsoft Visual Studio Solution File, Format Version 12.00
# Visual Studio Version 17
VisualStudioVersion = 17.0.31903.59
MinimumVisualStudioVersion = 10.0.40219.1
Project("{FAE04EC0-301F-11D3-BF4B-00C04F79EFBC}") = "TreeTodo.Api", "TreeTodo.Api\TreeTodo.Api.csproj", "{6F2C90DB-9B87-4A57-9AEF-3E32F3B7CF8B}"
EndProject
Project("{FAE04EC0-301F-11D3-BF4B-00C04F79EFBC}") = "TreeTodo.Core", "TreeTodo.Core\TreeTodo.Core.csproj", "{89E6DCBF-3051-4378-A687-9FC3D43E6481}"
EndProject
Project("{FAE04EC0-301F-11D3-BF4B-00C04F79EFBC}") = "TreeTodo.Data", "TreeTodo.Data\TreeTodo.Data.csproj", "{8DDE2F9E-DBAA-4801-8556-66EFE744079C}"
EndProject
Project("{FAE04EC0-301F-11D3-BF4B-00C04F79EFBC}") = "TreeTodo.Tests", "TreeTodo.Tests\TreeTodo.Tests.csproj", "{EEC65DB6-0716-4EA1-8D41-9644C8F3E098}"
EndProject
Global
	GlobalSection(SolutionConfigurationPlatforms) = preSolution
		Debug|Any CPU = Debug|Any CPU
		Release|Any CPU = Release|Any CPU
	EndGlobalSection
	GlobalSection(SolutionProperties) = preSolution
		HideSolutionNode = FALSE
	EndGlobalSection
	GlobalSection(ProjectConfigurationPlatforms) = postSolution
		{6F2C90DB-9B87-4A57-9AEF-3E32F3B7CF8B}.Debug|Any CPU.ActiveCfg = Debug|Any CPU
		{6F2C90DB-9B87-4A57-9AEF-3E32F3B7CF8B}.Debug|Any CPU.Build.0 = Debug|Any CPU
		{6F2C90DB-9B87-4A57-9AEF-3E32F3B7CF8B}.Release|Any CPU.ActiveCfg = Release|Any CPU
		{6F2C90DB-9B87-4A57-9AEF-3E32F3B7CF8B}.Release|Any CPU.Build.0 = Release|Any CPU
		{89E6DCBF-3051-4378-A687-9FC3D43E6481}.Debug|Any CPU.ActiveCfg = Debug|Any CPU
		{89E6DCBF-3051-4378-A687-9FC3D43E6481}.Debug|Any CPU.Build.0 = Debug|Any CPU
		{89E6DCBF-3051-4378-A687-9FC3D43E6481}.Release|Any CPU.ActiveCfg = Release|Any CPU
		{89E6DCBF-3051-4378-A687-9FC3D43E6481}.Release|Any CPU.Build.0 = Release|Any CPU
		{8DDE2F9E-DBAA-4801-8556-66EFE744079C}.Debug|Any CPU.ActiveCfg = Debug|Any CPU
		{8DDE2F9E-DBAA-4801-8556-66EFE744079C}.Debug|Any CPU.Build.0 = Debug|Any CPU
		{8DDE2F9E-DBAA-4801-8556-66EFE744079C}.Release|Any CPU.ActiveCfg = Release|Any CPU
		{8DDE2F9E-DBAA-4801-8556-66EFE744079C}.Release|Any CPU.Build.0 = Release|Any CPU
		{EEC65DB6-0716-4EA1-8D41-9644C8F3E098}.Debug|Any CPU.ActiveCfg = Debug|Any CPU
		{EEC65DB6-0716-4EA1-8D41-9644C8F3E098}.Debug|Any CPU.Build.0 = Debug|Any CPU
		{EEC65DB6-0716-4EA1-8D41-9644C8F3E098}.Release|Any CPU.ActiveCfg = Release|Any CPU
		{EEC65DB6-0716-4EA1-8D41-9644C8F3E098}.Release|Any CPU.Build.0 = Release|Any CPU
	EndGlobalSection
EndGlobal
